{
  "name": "f1-race-replay",
  "version": "2.0.0",
  "lockfileVersion": 3,
  "requires": true,
  "packages": {
    "": {
      "name": "f1-race-replay",
      "version": "2.0.0",
      "license": "MIT",
      "devDependencies": {
        "comment": "Frontend dependencies managed in frontend/package.json"
      },
      "engines": {
        "node": ">=16.0.0"
      }
    },
    "Frontend dependencies managed in frontend/package.json": {
      "dev": true
    },
    "node_modules/comment": {
      "resolved": "Frontend dependencies managed in frontend/package.json",
      "link": true
    }
  }
}
